
Microsoft Visual Studio Solution File, Format Version 12.00
# Visual Studio Version 17
VisualStudioVersion = 17.8.34322.80
MinimumVisualStudioVersion = 10.0.40219.1
Project("{FAE04EC0-301F-11D3-BF4B-00C04F79EFBC}") = "RickAndMorty.WebApi", "RickAndMorty.WebApi.csproj", "{03E84ED1-4A6A-40DC-9EC9-4557EED6DAA4}"
EndProject
Global
	GlobalSection(SolutionConfigurationPlatforms) = preSolution
		Debug|Any CPU = Debug|Any CPU
		Release|Any CPU = Release|Any CPU
	EndGlobalSection
	GlobalSection(ProjectConfigurationPlatforms) = postSolution
		{03E84ED1-4A6A-40DC-9EC9-4557EED6DAA4}.Debug|Any CPU.ActiveCfg = Debug|Any CPU
		{03E84ED1-4A6A-40DC-9EC9-4557EED6DAA4}.Debug|Any CPU.Build.0 = Debug|Any CPU
		{03E84ED1-4A6A-40DC-9EC9-4557EED6DAA4}.Release|Any CPU.ActiveCfg = Release|Any CPU
		{03E84ED1-4A6A-40DC-9EC9-4557EED6DAA4}.Release|Any CPU.Build.0 = Release|Any CPU
	EndGlobalSection
	GlobalSection(SolutionProperties) = preSolution
		HideSolutionNode = FALSE
	EndGlobalSection
	GlobalSection(ExtensibilityGlobals) = postSolution
		SolutionGuid = {A09CDC6D-58DB-4B72-96BD-2120D190C710}
	EndGlobalSection
EndGlobal
